github.com/fsnotify/fsnotify v1.9.0 h1:2Ml+OJNzbYCTzsxtv8vKSFD9PbJjmhYF14k/jKC7S9k=
github.com/fsnotify/fsnotify v1.9.0/go.mod h1:8jBTzvmWwFyi3Pb8djgCCO5IBqzKJ/Jwo8TRcHyHii0=
github.com/yuin/goldmark v1.7.13 h1:GPddIs617DnBLFFVJFgpo1aBfe/4xcvMc3SB5t/D0pA=
github.com/yuin/goldmark v1.7.13/go.mod h1:ip/1k0VRfGynBgxOz0yCqHrbZXhcjxyuS66Brc7iBKg=
golang.org/x/crypto v0.43.0 h1:dduJYIi3A3KOfdGOHX8AVZ/jGiyPa3IbBozJ5kNuE04=
golang.org/x/crypto v0.43.0/go.mod h1:BFbav4mRNlXJL4wNeejLpWxB7wMbc79PdRGhWKncxR0=
golang.org/x/sys v0.37.0 h1:fdNQudmxPjkdUTPnLn5mdQv7Zwvbvpaxqs831goi9kQ=
golang.org/x/sys v0.37.0/go.mod h1:OgkHotnGiDImocRcuBABYBEXf8A9a87e/uXjp9XT3ks=
golang.org/x/term v0.36.0 h1:zMPR+aF8gfksFprF/Nc/rd1wRS1EI6nDBGyWAvDzx2Q=
golang.org/x/term v0.36.0/go.mod h1:Qu394IJq6V6dCBRgwqshf3mPF85AqzYEzofzRdZkWss=
golang.org/x/text v0.30.0 h1:yznKA/E9zq54KzlzBEAWn1NXSQ8DIp/NYMy88xJjl4k=
golang.org/x/text v0.30.0/go.mod h1:yDdHFIX9t+tORqspjENWgzaCVXgk0yYnYuSZ8UzzBVM=
t73f.de/r/sx v0.0.0-20250902163016-7a7a55d68dd6 h1:vOyPEfxXze8QjcfxJK5GHb68PzDw2EomRwdUyDLnBVw=
t73f.de/r/sx v0.0.0-20250902163016-7a7a55d68dd6/go.mod h1:D4NKzI2FRtNW0zCcvf+yCEplfoSnZAXiax9otvasu0w=
t73f.de/r/sxwebs v0.0.0-20250902155414-673110c9fb48 h1:LCZQsACNivE0NkA6B296yTdHIN1wl88iAdx0J5pHzlA=
t73f.de/r/sxwebs v0.0.0-20250902155414-673110c9fb48/go.mod h1:yOrGohF5eS9fcVR6Posxfv7PVDldqxEC1ZucTddhBPI=
t73f.de/r/webs v0.0.0-20250930141330-11da1688d11c h1:6bHMcSJPl6mDWHZu2DuiC2FcoOt/+TxxvbIm5E63sPs=
t73f.de/r/webs v0.0.0-20250930141330-11da1688d11c/go.mod h1:G3vn6fCTvYWwQby5cVNmXzHlOGhgBDfbbo/9OgIxy0g=
t73f.de/r/zero v0.0.0-20251017150835-a8859ec900ed h1:Omh9Beo5pupvpC8yHnvlRlw1CBcWm8PrgWI0uhQ7Xk4=
t73f.de/r/zero v0.0.0-20251017150835-a8859ec900ed/go.mod h1:cNaE2o9BWPFqLkmDuYaWrMJQS7GOo+wwmB9y8VfAF6c=
t73f.de/r/zsc v0.0.0-20251015165332-08ebb13e8975 h1:POy/o/4+NXRM/siUfO56yhh41bhUQ0akNXqRcjC6gjE=
t73f.de/r/zsc v0.0.0-20251015165332-08ebb13e8975/go.mod h1:SokAf4SYSoK6WO8inQLEQRuFCLU8mw3h85jro284N4c=
t73f.de/r/zsx v0.0.0-20251016150523-fdf6a68b0392 h1:l49/NUk4gMFF1vaxERzgYvL6KWbD6x2/9s+zmIo1Mlc=
t73f.de/r/zsx v0.0.0-20251016150523-fdf6a68b0392/go.mod h1:/JvaST9OR796HoQv23GBfRlbZAtn+qgEuYOnesf1qyo=
