github.com/fsnotify/fsnotify v1.9.0 h1:2Ml+OJNzbYCTzsxtv8vKSFD9PbJjmhYF14k/jKC7S9k=
github.com/fsnotify/fsnotify v1.9.0/go.mod h1:8jBTzvmWwFyi3Pb8djgCCO5IBqzKJ/Jwo8TRcHyHii0=
github.com/yuin/goldmark v1.7.11 h1:ZCxLyDMtz0nT2HFfsYG8WZ47Trip2+JyLysKcMYE5bo=
github.com/yuin/goldmark v1.7.11/go.mod h1:ip/1k0VRfGynBgxOz0yCqHrbZXhcjxyuS66Brc7iBKg=
golang.org/x/crypto v0.38.0 h1:jt+WWG8IZlBnVbomuhg2Mdq0+BBQaHbtqHEFEigjUV8=
golang.org/x/crypto v0.38.0/go.mod h1:MvrbAqul58NNYPKnOra203SB9vpuZW0e+RRZV+Ggqjw=
golang.org/x/sys v0.33.0 h1:q3i8TbbEz+JRD9ywIRlyRAQbM0qF7hu24q3teo2hbuw=
golang.org/x/sys v0.33.0/go.mod h1:BJP2sWEmIv4KK5OTEluFJCKSidICx8ciO85XgH3Ak8k=
golang.org/x/term v0.32.0 h1:DR4lr0TjUs3epypdhTOkMmuF5CDFJ/8pOnbzMZPQ7bg=
golang.org/x/term v0.32.0/go.mod h1:uZG1FhGx848Sqfsq4/DlJr3xGGsYMu/L5GW4abiaEPQ=
golang.org/x/text v0.25.0 h1:qVyWApTSYLk/drJRO5mDlNYskwQznZmkpV2c8q9zls4=
golang.org/x/text v0.25.0/go.mod h1:WEdwpYrmk1qmdHvhkSTNPm3app7v4rsT8F2UD6+VHIA=
t73f.de/r/sx v0.0.0-20250506141526-34e7a17d22f1 h1:XcJyCHhfdA8USdVPgSl2QB/xodif22t8U5Tnb1H9MWk=
t73f.de/r/sx v0.0.0-20250506141526-34e7a17d22f1/go.mod h1:1RlIqF7OJqEv7j5uhY+gNWkBYEYgVTpAUbGG20rK31Y=
t73f.de/r/sxwebs v0.0.0-20250505103220-54507dc1509d h1:Byow/3dJIeBONdF0XrdSmpzfWcGdCmIwQRU4D4DbKrQ=
t73f.de/r/sxwebs v0.0.0-20250505103220-54507dc1509d/go.mod h1:+uH4dTQ+I8eofO+rJX37yn1LSLf6V7/7lpRwUpwtCpE=
t73f.de/r/webs v0.0.0-20250505155652-db844dadbf0a h1:ohQthZH4IsyD0YuPurawY89pPUm2sFNrQwKUSRUr9So=
t73f.de/r/webs v0.0.0-20250505155652-db844dadbf0a/go.mod h1:zk92hSKB4iWyT290+163seNzu350TA9XLATC9kOldqo=
t73f.de/r/zero v0.0.0-20250421161051-9472f592aeea h1:7oOWX1J1YC9gadK/poa4g6upF9l8dQa9uNdqYFEmKm8=
t73f.de/r/zero v0.0.0-20250421161051-9472f592aeea/go.mod h1:T1vFcHoymUQcr7+vENBkS1yryZRZ3YB8uRtnMy8yRBA=
t73f.de/r/zsc v0.0.0-20250502143402-b5c74e61e1a7 h1:fn40OYrzWt8KUNpB6b77dej07H8sDA6WaqcFT4ifSW4=
t73f.de/r/zsc v0.0.0-20250502143402-b5c74e61e1a7/go.mod h1:Mb3fLaOcSp5t6I7sRDKmOx4U1AnTb30F7Jh4e1L0mx8=
t73f.de/r/zsx v0.0.0-20250415162540-fc13b286b6ce h1:R9rtg4ecx4YYixsMmsh+wdcqLdY9GxoC5HZ9mMS33to=
t73f.de/r/zsx v0.0.0-20250415162540-fc13b286b6ce/go.mod h1:tXOlmsQBoY4mY7Plu0LCCMZNSJZJbng98fFarZXAWvM=
