github.com/fsnotify/fsnotify v1.9.0 h1:2Ml+OJNzbYCTzsxtv8vKSFD9PbJjmhYF14k/jKC7S9k=
github.com/fsnotify/fsnotify v1.9.0/go.mod h1:8jBTzvmWwFyi3Pb8djgCCO5IBqzKJ/Jwo8TRcHyHii0=
github.com/yuin/goldmark v1.7.13 h1:GPddIs617DnBLFFVJFgpo1aBfe/4xcvMc3SB5t/D0pA=
github.com/yuin/goldmark v1.7.13/go.mod h1:ip/1k0VRfGynBgxOz0yCqHrbZXhcjxyuS66Brc7iBKg=
golang.org/x/crypto v0.46.0 h1:cKRW/pmt1pKAfetfu+RCEvjvZkA9RimPbh7bhFjGVBU=
golang.org/x/crypto v0.46.0/go.mod h1:Evb/oLKmMraqjZ2iQTwDwvCtJkczlDuTmdJXoZVzqU0=
golang.org/x/sys v0.39.0 h1:CvCKL8MeisomCi6qNZ+wbb0DN9E5AATixKsvNtMoMFk=
golang.org/x/sys v0.39.0/go.mod h1:OgkHotnGiDImocRcuBABYBEXf8A9a87e/uXjp9XT3ks=
golang.org/x/term v0.38.0 h1:PQ5pkm/rLO6HnxFR7N2lJHOZX6Kez5Y1gDSJla6jo7Q=
golang.org/x/term v0.38.0/go.mod h1:bSEAKrOT1W+VSu9TSCMtoGEOUcKxOKgl3LE5QEF/xVg=
golang.org/x/text v0.32.0 h1:ZD01bjUt1FQ9WJ0ClOL5vxgxOI/sVCNgX1YtKwcY0mU=
golang.org/x/text v0.32.0/go.mod h1:o/rUWzghvpD5TXrTIBuJU77MTaN0ljMWE47kxGJQ7jY=
t73f.de/r/sx v0.0.0-20251205121942-00f4f5115f56 h1:ctZ9zp2HnUuTiRsUN3BxInUyW7aMSN/4L2s1c2B9anA=
t73f.de/r/sx v0.0.0-20251205121942-00f4f5115f56/go.mod h1:pG6Jcd1qBIRAkWnaWrMLjVrFu8GvVEGtw35onxlYZ+s=
t73f.de/r/sxwebs v0.0.0-20251205122317-c54ba34f209e h1:lgCyyUFgVlFHABfVlF6CXHq9CBgDR2JJMy65xUhPy38=
t73f.de/r/sxwebs v0.0.0-20251205122317-c54ba34f209e/go.mod h1:v3UBfehl3RlZNjrO+iiccVbF+ZKUrUdjraqltXM2cWU=
t73f.de/r/webs v0.0.0-20251205121834-da0ec7bca49c h1:M2WENLoa0Ah6+Rs+DcsPJ6C6zt09DH6xmbYSTaEvBeA=
t73f.de/r/webs v0.0.0-20251205121834-da0ec7bca49c/go.mod h1:IDTkcey0p7yRqD7rO85FweBLKQzzFyE5TQqMWvi/utQ=
t73f.de/r/zero v0.0.0-20251205121600-a80f0f108767 h1:v/4OHSe1mkAxoTycbINLGW2nVs31n7sZw0ktq2AsjtI=
t73f.de/r/zero v0.0.0-20251205121600-a80f0f108767/go.mod h1:eo8GbTaXJjMZwD2VFdrMs706u8OzIDVeGAUZKNc+mdc=
t73f.de/r/zsc v0.0.0-20251209114313-57fafa07a0bf h1:AkSxX6BaSp4PE6vQBUNklB8x+8H0JpJ8CnN9lMEhwSQ=
t73f.de/r/zsc v0.0.0-20251209114313-57fafa07a0bf/go.mod h1:3p7IqbdUs0B5RajKN+lQAAKLQFjrM+QXerdcKrSUbVg=
t73f.de/r/zsx v0.0.0-20251205122105-47e646788709 h1:yHODhkNTizqWhtEkDnC4Itr9Q+KE+wMyxfpx+zDmUGk=
t73f.de/r/zsx v0.0.0-20251205122105-47e646788709/go.mod h1:DmIw5xmaR306e/5pZ7SG2MYA2Y/MARE+LIZ7qjVqyR8=
